
Microsoft Visual Studio Solution File, Format Version 12.00
# Visual Studio Version 16
VisualStudioVersion = 16.0.30011.22
MinimumVisualStudioVersion = 10.0.40219.1
Project("{FAE04EC0-301F-11D3-BF4B-00C04F79EFBC}") = "Practic - indexators", "Practic - indexators\Practic - indexators.csproj", "{B844DFEB-C8CC-4F0F-8F36-1B21C1E45A05}"
EndProject
Global
	GlobalSection(SolutionConfigurationPlatforms) = preSolution
		Debug|Any CPU = Debug|Any CPU
		Release|Any CPU = Release|Any CPU
	EndGlobalSection
	GlobalSection(ProjectConfigurationPlatforms) = postSolution
		{B844DFEB-C8CC-4F0F-8F36-1B21C1E45A05}.Debug|Any CPU.ActiveCfg = Debug|Any CPU
		{B844DFEB-C8CC-4F0F-8F36-1B21C1E45A05}.Debug|Any CPU.Build.0 = Debug|Any CPU
		{B844DFEB-C8CC-4F0F-8F36-1B21C1E45A05}.Release|Any CPU.ActiveCfg = Release|Any CPU
		{B844DFEB-C8CC-4F0F-8F36-1B21C1E45A05}.Release|Any CPU.Build.0 = Release|Any CPU
	EndGlobalSection
	GlobalSection(SolutionProperties) = preSolution
		HideSolutionNode = FALSE
	EndGlobalSection
	GlobalSection(ExtensibilityGlobals) = postSolution
		SolutionGuid = {6EF428A6-195D-4A9B-A865-2DE1558AD457}
	EndGlobalSection
EndGlobal
